
Microsoft Visual Studio Solution File, Format Version 12.00
# Visual Studio Version 16
VisualStudioVersion = 16.0.33927.289
MinimumVisualStudioVersion = 10.0.40219.1
Project("{2150E333-8FDC-42A3-9474-1A3956D46DE8}") = "Task0", "Task0", "{4B2A142C-4CBE-4D4E-92A7-A93BEBAA1FE1}"
EndProject
Project("{FAE04EC0-301F-11D3-BF4B-00C04F79EFBC}") = "Tyuiu.PyankovaVV.Sprint3.Task0.V28", "Tyuiu.PyankovaVV.Sprint3.Task0.V28\Tyuiu.PyankovaVV.Sprint3.Task0.V28.csproj", "{7C11C1E5-8EA1-4EFF-B89D-F45E082F1153}"
EndProject
Project("{FAE04EC0-301F-11D3-BF4B-00C04F79EFBC}") = "Tyuiu.PyankovaVV.Sprint3.Task0.V28.Lib", "Tyuiu.PyankovaVV.Sprint3.Task0.V28.Lib\Tyuiu.PyankovaVV.Sprint3.Task0.V28.Lib.csproj", "{FAC7E466-012B-4069-BA61-0E99D66AF137}"
EndProject
Project("{FAE04EC0-301F-11D3-BF4B-00C04F79EFBC}") = "Tyuiu.PyankovaVV.Sprint3.Task0.V28.Test", "Tyuiu.PyankovaVV.Sprint3.Task0.V28.Test\Tyuiu.PyankovaVV.Sprint3.Task0.V28.Test.csproj", "{FE0D4D70-FE81-4432-AB0A-EA184F1839C7}"
EndProject
Project("{2150E333-8FDC-42A3-9474-1A3956D46DE8}") = "Task1", "Task1", "{B69900AD-5D35-4E1D-AD61-A61A735EB207}"
EndProject
Project("{FAE04EC0-301F-11D3-BF4B-00C04F79EFBC}") = "Tyuiu.PyankovaVV.Sprint3.Task1.V19", "Tyuiu.PyankovaVV.Sprint3.Task1.V19\Tyuiu.PyankovaVV.Sprint3.Task1.V19.csproj", "{93175417-6A8E-4DF8-A1FB-A5EFB7916A53}"
EndProject
Project("{FAE04EC0-301F-11D3-BF4B-00C04F79EFBC}") = "Tyuiu.PyankovaVV.Sprint3.Task1.V19.Lib", "Tyuiu.PyankovaVV.Sprint3.Task1.V19.Lib\Tyuiu.PyankovaVV.Sprint3.Task1.V19.Lib.csproj", "{74A53A7C-424E-4BD7-B30C-D6797AFE0B92}"
EndProject
Project("{FAE04EC0-301F-11D3-BF4B-00C04F79EFBC}") = "Tyuiu.PyankovaVV.Sprint3.Task1.V19.Test", "Tyuiu.PyankovaVV.Sprint3.Task1.V19.Test\Tyuiu.PyankovaVV.Sprint3.Task1.V19.Test.csproj", "{D996F36E-AB84-40D0-AD2C-322EB0E8DB17}"
EndProject
Project("{2150E333-8FDC-42A3-9474-1A3956D46DE8}") = "Task2", "Task2", "{023D1AC1-0C13-4648-92D8-CF6A40B6749F}"
EndProject
Project("{FAE04EC0-301F-11D3-BF4B-00C04F79EFBC}") = "Tyuiu.PyankovaVV.Sprint3.Task2.V1", "Tyuiu.PyankovaVV.Sprint3.Task2.V1\Tyuiu.PyankovaVV.Sprint3.Task2.V1.csproj", "{1C9BAD0E-2F91-4D9C-A19A-381C0E70EF4A}"
EndProject
Project("{FAE04EC0-301F-11D3-BF4B-00C04F79EFBC}") = "Tyuiu.PyankovaVV.Sprint3.Task2.V1.Lib", "Tyuiu.PyankovaVV.Sprint3.Task2.V1.Lib\Tyuiu.PyankovaVV.Sprint3.Task2.V1.Lib.csproj", "{02F522D3-BCD7-4BDE-85BD-21C82CDA33B6}"
EndProject
Project("{FAE04EC0-301F-11D3-BF4B-00C04F79EFBC}") = "Tyuiu.PyankovaVV.Sprint3.Task2.V1.Test", "Tyuiu.PyankovaVV.Sprint3.Task2.V1.Test\Tyuiu.PyankovaVV.Sprint3.Task2.V1.Test.csproj", "{23929917-5DE3-4D37-BBC7-1FD6B3DACB3E}"
EndProject
Project("{2150E333-8FDC-42A3-9474-1A3956D46DE8}") = "Task4", "Task4", "{9953CBE5-1705-41C7-8B07-63A21FA953EF}"
EndProject
Project("{FAE04EC0-301F-11D3-BF4B-00C04F79EFBC}") = "Tyuiu.PyankovaVV.Sprint3.Task4.V14", "Tyuiu.PyankovaVV.Sprint3.Task4.V14\Tyuiu.PyankovaVV.Sprint3.Task4.V14.csproj", "{BF755DEE-066A-4737-B49D-04AB5538E3EF}"
EndProject
Project("{FAE04EC0-301F-11D3-BF4B-00C04F79EFBC}") = "Tyuiu.PyankovaVV.Sprint3.Task4.V14.Lib", "Tyuiu.PyankovaVV.Sprint3.Task4.V14.Lib\Tyuiu.PyankovaVV.Sprint3.Task4.V14.Lib.csproj", "{381D0DF2-C314-4F66-B3F5-DD6F94637100}"
EndProject
Project("{FAE04EC0-301F-11D3-BF4B-00C04F79EFBC}") = "Tyuiu.PyankovaVV.Sprint3.Task4.V14.Test", "Tyuiu.PyankovaVV.Sprint3.Task4.V14.Test\Tyuiu.PyankovaVV.Sprint3.Task4.V14.Test.csproj", "{C7F682CB-F22A-457E-85E3-C6E8F559DC1A}"
EndProject
Project("{2150E333-8FDC-42A3-9474-1A3956D46DE8}") = "Task5", "Task5", "{A7E948BF-3E49-46AD-AFB6-F93AE0F79C87}"
EndProject
Project("{FAE04EC0-301F-11D3-BF4B-00C04F79EFBC}") = "Tyuiu.PyankovaVV.Sprint3.Task5.V24", "Tyuiu.PyankovaVV.Sprint3.Task5.V24\Tyuiu.PyankovaVV.Sprint3.Task5.V24.csproj", "{9D971D4A-58B6-443F-9368-01211E45A22A}"
EndProject
Project("{FAE04EC0-301F-11D3-BF4B-00C04F79EFBC}") = "Tyuiu.PyankovaVV.Sprint3.Task5.V24.Lib", "Tyuiu.PyankovaVV.Sprint3.Task5.V24.Lib\Tyuiu.PyankovaVV.Sprint3.Task5.V24.Lib.csproj", "{B3CF0EEA-2AD9-476C-8B4B-14192F3629F4}"
EndProject
Project("{FAE04EC0-301F-11D3-BF4B-00C04F79EFBC}") = "Tyuiu.PyankovaVV.Sprint3.Task5.V24.Test", "Tyuiu.PyankovaVV.Sprint3.Task5.V24.Test\Tyuiu.PyankovaVV.Sprint3.Task5.V24.Test.csproj", "{F22AB9C7-99B1-4071-ACA0-4DDF31D98BD2}"
EndProject
Project("{2150E333-8FDC-42A3-9474-1A3956D46DE8}") = "Task6", "Task6", "{6F580A3F-CD98-4C18-ACF1-A8D34FFED112}"
EndProject
Project("{FAE04EC0-301F-11D3-BF4B-00C04F79EFBC}") = "Tyuiu.PyankovaVV.Sprint3.Task6.V15", "Tyuiu.PyankovaVV.Sprint3.Task6.V15\Tyuiu.PyankovaVV.Sprint3.Task6.V15.csproj", "{F709F667-3D9C-4FF1-AAC3-29F0C8F2E9ED}"
EndProject
Project("{FAE04EC0-301F-11D3-BF4B-00C04F79EFBC}") = "Tyuiu.PyankovaVV.Sprint3.Task6.V15.Lib", "Tyuiu.PyankovaVV.Sprint3.Task6.V15.Lib\Tyuiu.PyankovaVV.Sprint3.Task6.V15.Lib.csproj", "{51224D75-6840-4276-A43E-B2A921ED8447}"
EndProject
Project("{FAE04EC0-301F-11D3-BF4B-00C04F79EFBC}") = "Tyuiu.PyankovaVV.Sprint3.Task6.V15.Test", "Tyuiu.PyankovaVV.Sprint3.Task6.V15.Test\Tyuiu.PyankovaVV.Sprint3.Task6.V15.Test.csproj", "{C085FC64-3C4C-4A1B-8EE8-CB5BB4A37265}"
EndProject
Global
	GlobalSection(SolutionConfigurationPlatforms) = preSolution
		Debug|Any CPU = Debug|Any CPU
		Release|Any CPU = Release|Any CPU
	EndGlobalSection
	GlobalSection(ProjectConfigurationPlatforms) = postSolution
		{7C11C1E5-8EA1-4EFF-B89D-F45E082F1153}.Debug|Any CPU.ActiveCfg = Debug|Any CPU
		{7C11C1E5-8EA1-4EFF-B89D-F45E082F1153}.Debug|Any CPU.Build.0 = Debug|Any CPU
		{7C11C1E5-8EA1-4EFF-B89D-F45E082F1153}.Release|Any CPU.ActiveCfg = Release|Any CPU
		{7C11C1E5-8EA1-4EFF-B89D-F45E082F1153}.Release|Any CPU.Build.0 = Release|Any CPU
		{FAC7E466-012B-4069-BA61-0E99D66AF137}.Debug|Any CPU.ActiveCfg = Debug|Any CPU
		{FAC7E466-012B-4069-BA61-0E99D66AF137}.Debug|Any CPU.Build.0 = Debug|Any CPU
		{FAC7E466-012B-4069-BA61-0E99D66AF137}.Release|Any CPU.ActiveCfg = Release|Any CPU
		{FAC7E466-012B-4069-BA61-0E99D66AF137}.Release|Any CPU.Build.0 = Release|Any CPU
		{FE0D4D70-FE81-4432-AB0A-EA184F1839C7}.Debug|Any CPU.ActiveCfg = Debug|Any CPU
		{FE0D4D70-FE81-4432-AB0A-EA184F1839C7}.Debug|Any CPU.Build.0 = Debug|Any CPU
		{FE0D4D70-FE81-4432-AB0A-EA184F1839C7}.Release|Any CPU.ActiveCfg = Release|Any CPU
		{FE0D4D70-FE81-4432-AB0A-EA184F1839C7}.Release|Any CPU.Build.0 = Release|Any CPU
		{93175417-6A8E-4DF8-A1FB-A5EFB7916A53}.Debug|Any CPU.ActiveCfg = Debug|Any CPU
		{93175417-6A8E-4DF8-A1FB-A5EFB7916A53}.Debug|Any CPU.Build.0 = Debug|Any CPU
		{93175417-6A8E-4DF8-A1FB-A5EFB7916A53}.Release|Any CPU.ActiveCfg = Release|Any CPU
		{93175417-6A8E-4DF8-A1FB-A5EFB7916A53}.Release|Any CPU.Build.0 = Release|Any CPU
		{74A53A7C-424E-4BD7-B30C-D6797AFE0B92}.Debug|Any CPU.ActiveCfg = Debug|Any CPU
		{74A53A7C-424E-4BD7-B30C-D6797AFE0B92}.Debug|Any CPU.Build.0 = Debug|Any CPU
		{74A53A7C-424E-4BD7-B30C-D6797AFE0B92}.Release|Any CPU.ActiveCfg = Release|Any CPU
		{74A53A7C-424E-4BD7-B30C-D6797AFE0B92}.Release|Any CPU.Build.0 = Release|Any CPU
		{D996F36E-AB84-40D0-AD2C-322EB0E8DB17}.Debug|Any CPU.ActiveCfg = Debug|Any CPU
		{D996F36E-AB84-40D0-AD2C-322EB0E8DB17}.Debug|Any CPU.Build.0 = Debug|Any CPU
		{D996F36E-AB84-40D0-AD2C-322EB0E8DB17}.Release|Any CPU.ActiveCfg = Release|Any CPU
		{D996F36E-AB84-40D0-AD2C-322EB0E8DB17}.Release|Any CPU.Build.0 = Release|Any CPU
		{1C9BAD0E-2F91-4D9C-A19A-381C0E70EF4A}.Debug|Any CPU.ActiveCfg = Debug|Any CPU
		{1C9BAD0E-2F91-4D9C-A19A-381C0E70EF4A}.Debug|Any CPU.Build.0 = Debug|Any CPU
		{1C9BAD0E-2F91-4D9C-A19A-381C0E70EF4A}.Release|Any CPU.ActiveCfg = Release|Any CPU
		{1C9BAD0E-2F91-4D9C-A19A-381C0E70EF4A}.Release|Any CPU.Build.0 = Release|Any CPU
		{02F522D3-BCD7-4BDE-85BD-21C82CDA33B6}.Debug|Any CPU.ActiveCfg = Debug|Any CPU
		{02F522D3-BCD7-4BDE-85BD-21C82CDA33B6}.Debug|Any CPU.Build.0 = Debug|Any CPU
		{02F522D3-BCD7-4BDE-85BD-21C82CDA33B6}.Release|Any CPU.ActiveCfg = Release|Any CPU
		{02F522D3-BCD7-4BDE-85BD-21C82CDA33B6}.Release|Any CPU.Build.0 = Release|Any CPU
		{23929917-5DE3-4D37-BBC7-1FD6B3DACB3E}.Debug|Any CPU.ActiveCfg = Debug|Any CPU
		{23929917-5DE3-4D37-BBC7-1FD6B3DACB3E}.Debug|Any CPU.Build.0 = Debug|Any CPU
		{23929917-5DE3-4D37-BBC7-1FD6B3DACB3E}.Release|Any CPU.ActiveCfg = Release|Any CPU
		{23929917-5DE3-4D37-BBC7-1FD6B3DACB3E}.Release|Any CPU.Build.0 = Release|Any CPU
		{BF755DEE-066A-4737-B49D-04AB5538E3EF}.Debug|Any CPU.ActiveCfg = Debug|Any CPU
		{BF755DEE-066A-4737-B49D-04AB5538E3EF}.Debug|Any CPU.Build.0 = Debug|Any CPU
		{BF755DEE-066A-4737-B49D-04AB5538E3EF}.Release|Any CPU.ActiveCfg = Release|Any CPU
		{BF755DEE-066A-4737-B49D-04AB5538E3EF}.Release|Any CPU.Build.0 = Release|Any CPU
		{381D0DF2-C314-4F66-B3F5-DD6F94637100}.Debug|Any CPU.ActiveCfg = Debug|Any CPU
		{381D0DF2-C314-4F66-B3F5-DD6F94637100}.Debug|Any CPU.Build.0 = Debug|Any CPU
		{381D0DF2-C314-4F66-B3F5-DD6F94637100}.Release|Any CPU.ActiveCfg = Release|Any CPU
		{381D0DF2-C314-4F66-B3F5-DD6F94637100}.Release|Any CPU.Build.0 = Release|Any CPU
		{C7F682CB-F22A-457E-85E3-C6E8F559DC1A}.Debug|Any CPU.ActiveCfg = Debug|Any CPU
		{C7F682CB-F22A-457E-85E3-C6E8F559DC1A}.Debug|Any CPU.Build.0 = Debug|Any CPU
		{C7F682CB-F22A-457E-85E3-C6E8F559DC1A}.Release|Any CPU.ActiveCfg = Release|Any CPU
		{C7F682CB-F22A-457E-85E3-C6E8F559DC1A}.Release|Any CPU.Build.0 = Release|Any CPU
		{9D971D4A-58B6-443F-9368-01211E45A22A}.Debug|Any CPU.ActiveCfg = Debug|Any CPU
		{9D971D4A-58B6-443F-9368-01211E45A22A}.Debug|Any CPU.Build.0 = Debug|Any CPU
		{9D971D4A-58B6-443F-9368-01211E45A22A}.Release|Any CPU.ActiveCfg = Release|Any CPU
		{9D971D4A-58B6-443F-9368-01211E45A22A}.Release|Any CPU.Build.0 = Release|Any CPU
		{B3CF0EEA-2AD9-476C-8B4B-14192F3629F4}.Debug|Any CPU.ActiveCfg = Debug|Any CPU
		{B3CF0EEA-2AD9-476C-8B4B-14192F3629F4}.Debug|Any CPU.Build.0 = Debug|Any CPU
		{B3CF0EEA-2AD9-476C-8B4B-14192F3629F4}.Release|Any CPU.ActiveCfg = Release|Any CPU
		{B3CF0EEA-2AD9-476C-8B4B-14192F3629F4}.Release|Any CPU.Build.0 = Release|Any CPU
		{F22AB9C7-99B1-4071-ACA0-4DDF31D98BD2}.Debug|Any CPU.ActiveCfg = Debug|Any CPU
		{F22AB9C7-99B1-4071-ACA0-4DDF31D98BD2}.Debug|Any CPU.Build.0 = Debug|Any CPU
		{F22AB9C7-99B1-4071-ACA0-4DDF31D98BD2}.Release|Any CPU.ActiveCfg = Release|Any CPU
		{F22AB9C7-99B1-4071-ACA0-4DDF31D98BD2}.Release|Any CPU.Build.0 = Release|Any CPU
		{F709F667-3D9C-4FF1-AAC3-29F0C8F2E9ED}.Debug|Any CPU.ActiveCfg = Debug|Any CPU
		{F709F667-3D9C-4FF1-AAC3-29F0C8F2E9ED}.Debug|Any CPU.Build.0 = Debug|Any CPU
		{F709F667-3D9C-4FF1-AAC3-29F0C8F2E9ED}.Release|Any CPU.ActiveCfg = Release|Any CPU
		{F709F667-3D9C-4FF1-AAC3-29F0C8F2E9ED}.Release|Any CPU.Build.0 = Release|Any CPU
		{51224D75-6840-4276-A43E-B2A921ED8447}.Debug|Any CPU.ActiveCfg = Debug|Any CPU
		{51224D75-6840-4276-A43E-B2A921ED8447}.Debug|Any CPU.Build.0 = Debug|Any CPU
		{51224D75-6840-4276-A43E-B2A921ED8447}.Release|Any CPU.ActiveCfg = Release|Any CPU
		{51224D75-6840-4276-A43E-B2A921ED8447}.Release|Any CPU.Build.0 = Release|Any CPU
		{C085FC64-3C4C-4A1B-8EE8-CB5BB4A37265}.Debug|Any CPU.ActiveCfg = Debug|Any CPU
		{C085FC64-3C4C-4A1B-8EE8-CB5BB4A37265}.Debug|Any CPU.Build.0 = Debug|Any CPU
		{C085FC64-3C4C-4A1B-8EE8-CB5BB4A37265}.Release|Any CPU.ActiveCfg = Release|Any CPU
		{C085FC64-3C4C-4A1B-8EE8-CB5BB4A37265}.Release|Any CPU.Build.0 = Release|Any CPU
	EndGlobalSection
	GlobalSection(SolutionProperties) = preSolution
		HideSolutionNode = FALSE
	EndGlobalSection
	GlobalSection(NestedProjects) = preSolution
		{7C11C1E5-8EA1-4EFF-B89D-F45E082F1153} = {4B2A142C-4CBE-4D4E-92A7-A93BEBAA1FE1}
		{FAC7E466-012B-4069-BA61-0E99D66AF137} = {4B2A142C-4CBE-4D4E-92A7-A93BEBAA1FE1}
		{FE0D4D70-FE81-4432-AB0A-EA184F1839C7} = {4B2A142C-4CBE-4D4E-92A7-A93BEBAA1FE1}
		{93175417-6A8E-4DF8-A1FB-A5EFB7916A53} = {B69900AD-5D35-4E1D-AD61-A61A735EB207}
		{74A53A7C-424E-4BD7-B30C-D6797AFE0B92} = {B69900AD-5D35-4E1D-AD61-A61A735EB207}
		{D996F36E-AB84-40D0-AD2C-322EB0E8DB17} = {B69900AD-5D35-4E1D-AD61-A61A735EB207}
		{1C9BAD0E-2F91-4D9C-A19A-381C0E70EF4A} = {023D1AC1-0C13-4648-92D8-CF6A40B6749F}
		{02F522D3-BCD7-4BDE-85BD-21C82CDA33B6} = {023D1AC1-0C13-4648-92D8-CF6A40B6749F}
		{23929917-5DE3-4D37-BBC7-1FD6B3DACB3E} = {023D1AC1-0C13-4648-92D8-CF6A40B6749F}
		{BF755DEE-066A-4737-B49D-04AB5538E3EF} = {9953CBE5-1705-41C7-8B07-63A21FA953EF}
		{381D0DF2-C314-4F66-B3F5-DD6F94637100} = {9953CBE5-1705-41C7-8B07-63A21FA953EF}
		{C7F682CB-F22A-457E-85E3-C6E8F559DC1A} = {9953CBE5-1705-41C7-8B07-63A21FA953EF}
		{9D971D4A-58B6-443F-9368-01211E45A22A} = {A7E948BF-3E49-46AD-AFB6-F93AE0F79C87}
		{B3CF0EEA-2AD9-476C-8B4B-14192F3629F4} = {A7E948BF-3E49-46AD-AFB6-F93AE0F79C87}
		{F22AB9C7-99B1-4071-ACA0-4DDF31D98BD2} = {A7E948BF-3E49-46AD-AFB6-F93AE0F79C87}
		{F709F667-3D9C-4FF1-AAC3-29F0C8F2E9ED} = {6F580A3F-CD98-4C18-ACF1-A8D34FFED112}
		{51224D75-6840-4276-A43E-B2A921ED8447} = {6F580A3F-CD98-4C18-ACF1-A8D34FFED112}
		{C085FC64-3C4C-4A1B-8EE8-CB5BB4A37265} = {6F580A3F-CD98-4C18-ACF1-A8D34FFED112}
	EndGlobalSection
	GlobalSection(ExtensibilityGlobals) = postSolution
		SolutionGuid = {AE26F81D-4DC8-4319-812A-FBF2920EEE34}
	EndGlobalSection
EndGlobal
